{
  "version": 4,
  "terraform_version": "1.14.0",
  "serial": 19,
  "lineage": "5a0a20ca-609d-1112-86ab-fdebc7b7d2d4",
  "outputs": {
    "cloud_run_url": {
      "value": "https://data-formulator-vkhqmo5lxq-uc.a.run.app",
      "type": "string"
    }
  },
  "resources": [
    {
      "mode": "managed",
      "type": "google_artifact_registry_repository",
      "name": "repo",
      "provider": "provider[\"registry.terraform.io/hashicorp/google\"]",
      "instances": [
        {
          "schema_version": 0,
          "attributes": {
            "cleanup_policies": [],
            "cleanup_policy_dry_run": false,
            "create_time": "2025-11-25T09:28:20.544017Z",
            "description": "Docker repo for Data Formulator",
            "docker_config": [],
            "effective_labels": {},
            "format": "DOCKER",
            "id": "projects/genai-analytics-435321/locations/us-central1/repositories/genai-analytics-435321-repo",
            "kms_key_name": "",
            "labels": {},
            "location": "us-central1",
            "maven_config": [],
            "mode": "STANDARD_REPOSITORY",
            "name": "genai-analytics-435321-repo",
            "project": "genai-analytics-435321",
            "remote_repository_config": [],
            "repository_id": "genai-analytics-435321-repo",
            "terraform_labels": {},
            "timeouts": null,
            "update_time": "2025-11-25T10:00:50.560230Z",
            "virtual_repository_config": []
          },
          "sensitive_attributes": [],
          "identity_schema_version": 0,
          "private": "eyJlMmJmYjczMC1lY2FhLTExZTYtOGY4OC0zNDM2M2JjN2M0YzAiOnsiY3JlYXRlIjoxMjAwMDAwMDAwMDAwLCJkZWxldGUiOjEyMDAwMDAwMDAwMDAsInVwZGF0ZSI6MTIwMDAwMDAwMDAwMH19"
        }
      ]
    },
    {
      "mode": "managed",
      "type": "google_cloud_run_v2_service",
      "name": "data_formulator",
      "provider": "provider[\"registry.terraform.io/hashicorp/google\"]",
      "instances": [
        {
          "schema_version": 0,
          "attributes": {
            "annotations": {},
            "binary_authorization": [],
            "client": "",
            "client_version": "",
            "conditions": [
              {
                "execution_reason": "",
                "last_transition_time": "2025-11-25T10:23:36.524879Z",
                "message": "",
                "reason": "",
                "revision_reason": "",
                "severity": "",
                "state": "CONDITION_SUCCEEDED",
                "type": "RoutesReady"
              },
              {
                "execution_reason": "",
                "last_transition_time": "2025-11-25T10:02:28.726825Z",
                "message": "",
                "reason": "",
                "revision_reason": "",
                "severity": "",
                "state": "CONDITION_SUCCEEDED",
                "type": "ConfigurationsReady"
              }
            ],
            "create_time": "2025-11-25T10:01:37.687499Z",
            "creator": "hurairah@napster.com",
            "custom_audiences": [],
            "delete_time": "",
            "description": "",
            "effective_annotations": {},
            "effective_labels": {},
            "etag": "\"CKeHlskGEJjelUE/cHJvamVjdHMvZ2VuYWktYW5hbHl0aWNzLTQzNTMyMS9sb2NhdGlvbnMvdXMtY2VudHJhbDEvc2VydmljZXMvZGF0YS1mb3JtdWxhdG9y\"",
            "expire_time": "",
            "generation": "2",
            "id": "projects/genai-analytics-435321/locations/us-central1/services/data-formulator",
            "ingress": "INGRESS_TRAFFIC_ALL",
            "labels": {},
            "last_modifier": "hurairah@napster.com",
            "latest_created_revision": "projects/genai-analytics-435321/locations/us-central1/services/data-formulator/revisions/data-formulator-00001-pk8",
            "latest_ready_revision": "projects/genai-analytics-435321/locations/us-central1/services/data-formulator/revisions/data-formulator-00001-pk8",
            "launch_stage": "GA",
            "location": "us-central1",
            "name": "data-formulator",
            "observed_generation": "2",
            "project": "genai-analytics-435321",
            "reconciling": false,
            "template": [
              {
                "annotations": {},
                "containers": [
                  {
                    "args": [],
                    "command": [],
                    "depends_on": [],
                    "env": [
                      {
                        "name": "FLASK_RUN_HOST",
                        "value": "0.0.0.0",
                        "value_source": []
                      },
                      {
                        "name": "FLASK_RUN_PORT",
                        "value": "5000",
                        "value_source": []
                      }
                    ],
                    "image": "us-central1-docker.pkg.dev/genai-analytics-435321/genai-analytics-435321-repo/data-formulator:latest",
                    "liveness_probe": [],
                    "name": "",
                    "ports": [
                      {
                        "container_port": 5000,
                        "name": "http1"
                      }
                    ],
                    "resources": [
                      {
                        "cpu_idle": true,
                        "limits": {
                          "cpu": "1000m",
                          "memory": "512Mi"
                        },
                        "startup_cpu_boost": false
                      }
                    ],
                    "startup_probe": [
                      {
                        "failure_threshold": 1,
                        "grpc": [],
                        "http_get": [],
                        "initial_delay_seconds": 0,
                        "period_seconds": 240,
                        "tcp_socket": [
                          {
                            "port": 5000
                          }
                        ],
                        "timeout_seconds": 240
                      }
                    ],
                    "volume_mounts": [],
                    "working_dir": ""
                  }
                ],
                "encryption_key": "",
                "execution_environment": "",
                "labels": {},
                "max_instance_request_concurrency": 80,
                "revision": "",
                "scaling": [],
                "service_account": "data-formulator-sa@genai-analytics-435321.iam.gserviceaccount.com",
                "session_affinity": false,
                "timeout": "300s",
                "volumes": [],
                "vpc_access": []
              }
            ],
            "terminal_condition": [
              {
                "execution_reason": "",
                "last_transition_time": "2025-11-25T10:23:36.555417Z",
                "message": "",
                "reason": "",
                "revision_reason": "",
                "severity": "",
                "state": "CONDITION_SUCCEEDED",
                "type": "Ready"
              }
            ],
            "terraform_labels": {},
            "timeouts": null,
            "traffic": [
              {
                "percent": 100,
                "revision": "",
                "tag": "",
                "type": "TRAFFIC_TARGET_ALLOCATION_TYPE_LATEST"
              }
            ],
            "traffic_statuses": [
              {
                "percent": 100,
                "revision": "",
                "tag": "",
                "type": "TRAFFIC_TARGET_ALLOCATION_TYPE_LATEST",
                "uri": ""
              }
            ],
            "uid": "9765d739-1a25-4fe4-a3a8-5a4ab91efba6",
            "update_time": "2025-11-25T10:23:35.136671Z",
            "uri": "https://data-formulator-vkhqmo5lxq-uc.a.run.app"
          },
          "sensitive_attributes": [],
          "identity_schema_version": 0,
          "private": "eyJlMmJmYjczMC1lY2FhLTExZTYtOGY4OC0zNDM2M2JjN2M0YzAiOnsiY3JlYXRlIjoxMjAwMDAwMDAwMDAwLCJkZWxldGUiOjEyMDAwMDAwMDAwMDAsInVwZGF0ZSI6MTIwMDAwMDAwMDAwMH19",
          "dependencies": [
            "google_project_service.required_apis",
            "google_service_account.data_formulator_sa"
          ]
        }
      ]
    },
    {
      "mode": "managed",
      "type": "google_project_service",
      "name": "required_apis",
      "provider": "provider[\"registry.terraform.io/hashicorp/google\"]",
      "instances": [
        {
          "index_key": "artifactregistry.googleapis.com",
          "schema_version": 0,
          "attributes": {
            "disable_dependent_services": null,
            "disable_on_destroy": false,
            "id": "genai-analytics-435321/artifactregistry.googleapis.com",
            "project": "genai-analytics-435321",
            "service": "artifactregistry.googleapis.com",
            "timeouts": null
          },
          "sensitive_attributes": [],
          "identity_schema_version": 0,
          "private": "eyJlMmJmYjczMC1lY2FhLTExZTYtOGY4OC0zNDM2M2JjN2M0YzAiOnsiY3JlYXRlIjoxMjAwMDAwMDAwMDAwLCJkZWxldGUiOjEyMDAwMDAwMDAwMDAsInJlYWQiOjYwMDAwMDAwMDAwMCwidXBkYXRlIjoxMjAwMDAwMDAwMDAwfX0="
        },
        {
          "index_key": "iam.googleapis.com",
          "schema_version": 0,
          "attributes": {
            "disable_dependent_services": null,
            "disable_on_destroy": false,
            "id": "genai-analytics-435321/iam.googleapis.com",
            "project": "genai-analytics-435321",
            "service": "iam.googleapis.com",
            "timeouts": null
          },
          "sensitive_attributes": [],
          "identity_schema_version": 0,
          "private": "eyJlMmJmYjczMC1lY2FhLTExZTYtOGY4OC0zNDM2M2JjN2M0YzAiOnsiY3JlYXRlIjoxMjAwMDAwMDAwMDAwLCJkZWxldGUiOjEyMDAwMDAwMDAwMDAsInJlYWQiOjYwMDAwMDAwMDAwMCwidXBkYXRlIjoxMjAwMDAwMDAwMDAwfX0="
        },
        {
          "index_key": "run.googleapis.com",
          "schema_version": 0,
          "attributes": {
            "disable_dependent_services": null,
            "disable_on_destroy": false,
            "id": "genai-analytics-435321/run.googleapis.com",
            "project": "genai-analytics-435321",
            "service": "run.googleapis.com",
            "timeouts": null
          },
          "sensitive_attributes": [],
          "identity_schema_version": 0,
          "private": "eyJlMmJmYjczMC1lY2FhLTExZTYtOGY4OC0zNDM2M2JjN2M0YzAiOnsiY3JlYXRlIjoxMjAwMDAwMDAwMDAwLCJkZWxldGUiOjEyMDAwMDAwMDAwMDAsInJlYWQiOjYwMDAwMDAwMDAwMCwidXBkYXRlIjoxMjAwMDAwMDAwMDAwfX0="
        }
      ]
    },
    {
      "mode": "managed",
      "type": "google_service_account",
      "name": "data_formulator_sa",
      "provider": "provider[\"registry.terraform.io/hashicorp/google\"]",
      "instances": [
        {
          "schema_version": 0,
          "attributes": {
            "account_id": "data-formulator-sa",
            "create_ignore_already_exists": null,
            "description": "",
            "disabled": false,
            "display_name": "Data Formulator Cloud Run Service Account",
            "email": "data-formulator-sa@genai-analytics-435321.iam.gserviceaccount.com",
            "id": "projects/genai-analytics-435321/serviceAccounts/data-formulator-sa@genai-analytics-435321.iam.gserviceaccount.com",
            "member": "serviceAccount:data-formulator-sa@genai-analytics-435321.iam.gserviceaccount.com",
            "name": "projects/genai-analytics-435321/serviceAccounts/data-formulator-sa@genai-analytics-435321.iam.gserviceaccount.com",
            "project": "genai-analytics-435321",
            "timeouts": null,
            "unique_id": "104219414464203420794"
          },
          "sensitive_attributes": [],
          "identity_schema_version": 0,
          "private": "eyJlMmJmYjczMC1lY2FhLTExZTYtOGY4OC0zNDM2M2JjN2M0YzAiOnsiY3JlYXRlIjozMDAwMDAwMDAwMDB9fQ=="
        }
      ]
    }
  ],
  "check_results": null
}
